hash: 5174494d58a4cdceea49f6b79917e529f73911985415727e7d8a3fd0b17f8474
updated: 2017-08-11T10:58:09.26863006+01:00
imports:
- name: github.com/AsynkronIT/protoactor-go
  version: cb767d04211c13fda62cb41312e04f984cd571f5
- name: github.com/golang/protobuf
  version: 1909bc2f63dc92bb931deace8b8312c4db72d12f
  subpackages:
  - proto
- name: github.com/sirupsen/logrus
  version: a3f95b5c423586578a4e099b11a46c2479628cac
- name: github.com/stretchr/testify
  version: 69483b4bd14f5845b5a1e55bca19e954e827f1d0
- name: github.com/Workiva/go-datastructures
  version: f456f73ca7d46a56b394de9f5ede6fd1c8f73b54
  subpackages:
  - queue
- name: golang.org/x/sys
  version: 0b25a408a50076fbbcae6b7ac0ea5fbb0b085e79
  subpackages:
  - unix
testImports: []
